
Microsoft Visual Studio Solution File, Format Version 12.00
# Visual Studio Version 17
VisualStudioVersion = 17.10.35122.118
MinimumVisualStudioVersion = 10.0.40219.1
Project("{8BC9CEB8-8B4A-11D0-8D11-00A0C91BC942}") = "2. Отрисованные 4 проекта", "2. Отрисованные 4 проекта\2. Отрисованные 4 проекта.vcxproj", "{DD21496E-F83F-454E-9690-0066919DEB67}"
EndProject
Global
	GlobalSection(SolutionConfigurationPlatforms) = preSolution
		Debug|x64 = Debug|x64
		Debug|x86 = Debug|x86
		Release|x64 = Release|x64
		Release|x86 = Release|x86
	EndGlobalSection
	GlobalSection(ProjectConfigurationPlatforms) = postSolution
		{DD21496E-F83F-454E-9690-0066919DEB67}.Debug|x64.ActiveCfg = Debug|x64
		{DD21496E-F83F-454E-9690-0066919DEB67}.Debug|x64.Build.0 = Debug|x64
		{DD21496E-F83F-454E-9690-0066919DEB67}.Debug|x86.ActiveCfg = Debug|Win32
		{DD21496E-F83F-454E-9690-0066919DEB67}.Debug|x86.Build.0 = Debug|Win32
		{DD21496E-F83F-454E-9690-0066919DEB67}.Release|x64.ActiveCfg = Release|x64
		{DD21496E-F83F-454E-9690-0066919DEB67}.Release|x64.Build.0 = Release|x64
		{DD21496E-F83F-454E-9690-0066919DEB67}.Release|x86.ActiveCfg = Release|Win32
		{DD21496E-F83F-454E-9690-0066919DEB67}.Release|x86.Build.0 = Release|Win32
	EndGlobalSection
	GlobalSection(SolutionProperties) = preSolution
		HideSolutionNode = FALSE
	EndGlobalSection
	GlobalSection(ExtensibilityGlobals) = postSolution
		SolutionGuid = {566D0695-0114-4C54-99CD-D49653BBCEB3}
	EndGlobalSection
EndGlobal
